{
    "_readme": [
        "This file locks the dependencies of your project to a known state",
        "Read more about it at http://getcomposer.org/doc/01-basic-usage.md#composer-lock-the-lock-file",
        "This file is @generated automatically"
    ],
    "hash": "913144c92f742a8c7d76c6c01cbbd488",
    "packages": [
        {
            "name": "dispatch/dispatch",
            "version": "7.0.2",
            "source": {
                "type": "git",
                "url": "https://github.com/noodlehaus/dispatch.git",
                "reference": "b0055f51065ebc758cb2103ef7911abf03da9ca3"
            },
            "dist": {
                "type": "zip",
                "url": "https://api.github.com/repos/noodlehaus/dispatch/zipball/b0055f51065ebc758cb2103ef7911abf03da9ca3",
                "reference": "b0055f51065ebc758cb2103ef7911abf03da9ca3",
                "shasum": ""
            },
            "require": {
                "php": ">= 5.4.0"
            },
            "require-dev": {
                "ext-xdebug": ">= 2.1"
            },
            "type": "library",
            "extra": {
                "branch-alias": {
                    "dev-master": "7.x-dev"
                }
            },
            "autoload": {
                "files": [
                    "dispatch.php"
                ]
            },
            "notification-url": "https://packagist.org/downloads/",
            "license": [
                "MIT"
            ],
            "authors": [
                {
                    "name": "Jesus A. Domingo",
                    "homepage": "http://noodlehaus.github.io/",
                    "role": "Developer"
                },
                {
                    "name": "Kafene",
                    "homepage": "https://github.com/kafene",
                    "role": "Contributor"
                },
                {
                    "name": "Martin Angelov",
                    "homepage": "https://github.com/martinaglv",
                    "role": "Contributor"
                },
                {
                    "name": "4d47",
                    "homepage": "https://github.com/4d47",
                    "role": "Contributor"
                },
                {
                    "name": "Bastian Widmer",
                    "homepage": "https://github.com/dasrecht",
                    "role": "Contributor"
                },
                {
                    "name": "Lloyd Zhou",
                    "homepage": "https://github.com/lloydzhou",
                    "role": "Contributor"
                },
                {
                    "name": "Darkalemanbr",
                    "homepage": "https://github.com/darkalemanbr",
                    "role": "Contributor"
                },
                {
                    "name": "Amin By",
                    "homepage": "https://github.com/xielingwang",
                    "role": "Contributor"
                },
                {
                    "name": "Ross Masters",
                    "homepage": "https://github.com/rmasters",
                    "role": "Contributor"
                },
                {
                    "name": "Tom Streller",
                    "homepage": "https://github.com/scan",
                    "role": "Contributor"
                },
                {
                    "name": "Lars",
                    "homepage": "https://github.com/larsbo",
                    "role": "Contributor"
                },
                {
                    "name": "Ciprian Danea",
                    "homepage": "https://github.com/cdanea",
                    "role": "Contributor"
                },
                {
                    "name": "Roman Ožana",
                    "homepage": "https://github.com/OzzyCzech",
                    "role": "Contributor"
                }
            ],
            "description": "a microframework/front-controller",
            "homepage": "http://github.com/noodlehaus/dispatch/",
            "keywords": [
                "framework",
                "micro",
                "microframework",
                "microphp",
                "router"
            ],
            "time": "2015-02-08 05:42:24"
        },
        {
            "name": "michelf/php-markdown",
            "version": "1.4.0",
            "source": {
                "type": "git",
                "url": "https://github.com/michelf/php-markdown.git",
                "reference": "96d8150406f67e683ef4acc09fef91785fef1266"
            },
            "dist": {
                "type": "zip",
                "url": "https://api.github.com/repos/michelf/php-markdown/zipball/96d8150406f67e683ef4acc09fef91785fef1266",
                "reference": "96d8150406f67e683ef4acc09fef91785fef1266",
                "shasum": ""
            },
            "require": {
                "php": ">=5.3.0"
            },
            "type": "library",
            "extra": {
                "branch-alias": {
                    "dev-lib": "1.4.x-dev"
                }
            },
            "autoload": {
                "psr-0": {
                    "Michelf": ""
                }
            },
            "notification-url": "https://packagist.org/downloads/",
            "license": [
                "BSD-3-Clause"
            ],
            "authors": [
                {
                    "name": "Michel Fortin",
                    "email": "michel.fortin@michelf.ca",
                    "homepage": "http://michelf.ca/",
                    "role": "Developer"
                },
                {
                    "name": "John Gruber",
                    "homepage": "http://daringfireball.net/"
                }
            ],
            "description": "PHP Markdown",
            "homepage": "http://michelf.ca/projects/php-markdown/",
            "keywords": [
                "markdown"
            ],
            "time": "2013-11-29 17:09:24"
        }
    ],
    "packages-dev": [

    ],
    "aliases": [

    ],
    "minimum-stability": "stable",
    "stability-flags": [

    ],
    "platform": {
        "php": ">= 5.4.0"
    },
    "platform-dev": [

    ]
}
